// !$*UTF8*$!
{
	archiveVersion = 1;
	classes = {
	};
	objectVersion = 50;
	objects = {

/* Begin PBXBuildFile section */
		BFCAA764239D9A2E00B98355 /* UltimateAdder.framework in Frameworks */ = {isa = PBXBuildFile; fileRef = BFCAA75A239D9A2E00B98355 /* UltimateAdder.framework */; };
		BFCAA76B239D9A2E00B98355 /* UltimateAdder.h in Headers */ = {isa = PBXBuildFile; fileRef = BFCAA75D239D9A2E00B98355 /* UltimateAdder.h */; settings = {ATTRIBUTES = (Public, ); }; };
		BFCAA775239D9AEB00B98355 /* Adder.swift in Sources */ = {isa = PBXBuildFile; fileRef = BFCAA774239D9AEB00B98355 /* Adder.swift */; };
		BFCAA779239D9B5100B98355 /* AdderTests.swift in Sources */ = {isa = PBXBuildFile; fileRef = BFCAA778239D9B5100B98355 /* AdderTests.swift */; };
/* End PBXBuildFile section */

/* Begin PBXContainerItemProxy section */
		BFCAA765239D9A2E00B98355 /* PBXContainerItemProxy */ = {
			isa = PBXContainerItemProxy;
			containerPortal = BFCAA751239D9A2E00B98355 /* Project object */;
			proxyType = 1;
			remoteGlobalIDString = BFCAA759239D9A2E00B98355;
			remoteInfo = UltimateAdder;
		};
/* End PBXContainerItemProxy section */

/* Begin PBXFileReference section */
		BFCAA75A239D9A2E00B98355 /* UltimateAdder.framework */ = {isa = PBXFileReference; explicitFileType = wrapper.framework; includeInIndex = 0; path = UltimateAdder.framework; sourceTree = BUILT_PRODUCTS_DIR; };
		BFCAA75D239D9A2E00B98355 /* UltimateAdder.h */ = {isa = PBXFileReference; lastKnownFileType = sourcecode.c.h; path = UltimateAdder.h; sourceTree = "<group>"; };
		BFCAA75E239D9A2E00B98355 /* Info.plist */ = {isa = PBXFileReference; lastKnownFileType = text.plist.xml; path = Info.plist; sourceTree = "<group>"; };
		BFCAA763239D9A2E00B98355 /* UltimateAdderTests.xctest */ = {isa = PBXFileReference; explicitFileType = wrapper.cfbundle; includeInIndex = 0; path = UltimateAdderTests.xctest; sourceTree = BUILT_PRODUCTS_DIR; };
		BFCAA76A239D9A2E00B98355 /* Info.plist */ = {isa = PBXFileReference; lastKnownFileType = text.plist.xml; path = Info.plist; sourceTree = "<group>"; };
		BFCAA774239D9AEB00B98355 /* Adder.swift */ = {isa = PBXFileReference; lastKnownFileType = sourcecode.swift; path = Adder.swift; sourceTree = "<group>"; };
		BFCAA778239D9B5100B98355 /* AdderTests.swift */ = {isa = PBXFileReference; lastKnownFileType = sourcecode.swift; path = AdderTests.swift; sourceTree = "<group>"; };
/* End PBXFileReference section */

/* Begin PBXFrameworksBuildPhase section */
		BFCAA757239D9A2E00B98355 /* Frameworks */ = {
			isa = PBXFrameworksBuildPhase;
			buildActionMask = 2147483647;
			files = (
			);
			runOnlyForDeploymentPostprocessing = 0;
		};
		BFCAA760239D9A2E00B98355 /* Frameworks */ = {
			isa = PBXFrameworksBuildPhase;
			buildActionMask = 2147483647;
			files = (
				BFCAA764239D9A2E00B98355 /* UltimateAdder.framework in Frameworks */,
			);
			runOnlyForDeploymentPostprocessing = 0;
		};
/* End PBXFrameworksBuildPhase section */

/* Begin PBXGroup section */
		BFCAA750239D9A2E00B98355 = {
			isa = PBXGroup;
			children = (
				BFCAA75C239D9A2E00B98355 /* UltimateAdder */,
				BFCAA767239D9A2E00B98355 /* UltimateAdderTests */,
				BFCAA75B239D9A2E00B98355 /* Products */,
			);
			sourceTree = "<group>";
		};
		BFCAA75B239D9A2E00B98355 /* Products */ = {
			isa = PBXGroup;
			children = (
				BFCAA75A239D9A2E00B98355 /* UltimateAdder.framework */,
				BFCAA763239D9A2E00B98355 /* UltimateAdderTests.xctest */,
			);
			name = Products;
			sourceTree = "<group>";
		};
		BFCAA75C239D9A2E00B98355 /* UltimateAdder */ = {
			isa = PBXGroup;
			children = (
				BFCAA774239D9AEB00B98355 /* Adder.swift */,
				BFCAA75E239D9A2E00B98355 /* Info.plist */,
				BFCAA75D239D9A2E00B98355 /* UltimateAdder.h */,
			);
			path = UltimateAdder;
			sourceTree = "<group>";
		};
		BFCAA767239D9A2E00B98355 /* UltimateAdderTests */ = {
			isa = PBXGroup;
			children = (
				BFCAA778239D9B5100B98355 /* AdderTests.swift */,
				BFCAA76A239D9A2E00B98355 /* Info.plist */,
			);
			path = UltimateAdderTests;
			sourceTree = "<group>";
		};
/* End PBXGroup section */

/* Begin PBXHeadersBuildPhase section */
		BFCAA755239D9A2E00B98355 /* Headers */ = {
			isa = PBXHeadersBuildPhase;
			buildActionMask = 2147483647;
			files = (
				BFCAA76B239D9A2E00B98355 /* UltimateAdder.h in Headers */,
			);
			runOnlyForDeploymentPostprocessing = 0;
		};
/* End PBXHeadersBuildPhase section */

/* Begin PBXNativeTarget section */
		BFCAA759239D9A2E00B98355 /* UltimateAdder */ = {
			isa = PBXNativeTarget;
			buildConfigurationList = BFCAA76E239D9A2E00B98355 /* Build configuration list for PBXNativeTarget "UltimateAdder" */;
			buildPhases = (
				BFCAA755239D9A2E00B98355 /* Headers */,
				BFCAA756239D9A2E00B98355 /* Sources */,
				BFCAA757239D9A2E00B98355 /* Frameworks */,
				BFCAA758239D9A2E00B98355 /* Resources */,
			);
			buildRules = (
			);
			dependencies = (
			);
			name = UltimateAdder;
			productName = UltimateAdder;
			productReference = BFCAA75A239D9A2E00B98355 /* UltimateAdder.framework */;
			productType = "com.apple.product-type.framework";
		};
		BFCAA762239D9A2E00B98355 /* UltimateAdderTests */ = {
			isa = PBXNativeTarget;
			buildConfigurationList = BFCAA771239D9A2E00B98355 /* Build configuration list for PBXNativeTarget "UltimateAdderTests" */;
			buildPhases = (
				BFCAA75F239D9A2E00B98355 /* Sources */,
				BFCAA760239D9A2E00B98355 /* Frameworks */,
				BFCAA761239D9A2E00B98355 /* Resources */,
			);
			buildRules = (
			);
			dependencies = (
				BFCAA766239D9A2E00B98355 /* PBXTargetDependency */,
			);
			name = UltimateAdderTests;
			productName = UltimateAdderTests;
			productReference = BFCAA763239D9A2E00B98355 /* UltimateAdderTests.xctest */;
			productType = "com.apple.product-type.bundle.unit-test";
		};
/* End PBXNativeTarget section */

/* Begin PBXProject section */
		BFCAA751239D9A2E00B98355 /* Project object */ = {
			isa = PBXProject;
			attributes = {
				LastSwiftUpdateCheck = 1110;
				LastUpgradeCheck = 1110;
				ORGANIZATIONNAME = "Reimar Twelker";
				TargetAttributes = {
					BFCAA759239D9A2E00B98355 = {
						CreatedOnToolsVersion = 11.1;
						LastSwiftMigration = 1110;
					};
					BFCAA762239D9A2E00B98355 = {
						CreatedOnToolsVersion = 11.1;
					};
				};
			};
			buildConfigurationList = BFCAA754239D9A2E00B98355 /* Build configuration list for PBXProject "UltimateAdder" */;
			compatibilityVersion = "Xcode 9.3";
			developmentRegion = en;
			hasScannedForEncodings = 0;
			knownRegions = (
				en,
				Base,
			);
			mainGroup = BFCAA750239D9A2E00B98355;
			productRefGroup = BFCAA75B239D9A2E00B98355 /* Products */;
			projectDirPath = "";
			projectRoot = "";
			targets = (
				BFCAA759239D9A2E00B98355 /* UltimateAdder */,
				BFCAA762239D9A2E00B98355 /* UltimateAdderTests */,
			);
		};
/* End PBXProject section */

/* Begin PBXResourcesBuildPhase section */
		BFCAA758239D9A2E00B98355 /* Resources */ = {
			isa = PBXResourcesBuildPhase;
			buildActionMask = 2147483647;
			files = (
			);
			runOnlyForDeploymentPostprocessing = 0;
		};
		BFCAA761239D9A2E00B98355 /* Resources */ = {
			isa = PBXResourcesBuildPhase;
			buildActionMask = 2147483647;
			files = (
			);
			runOnlyForDeploymentPostprocessing = 0;
		};
/* End PBXResourcesBuildPhase section */

/* Begin PBXSourcesBuildPhase section */
		BFCAA756239D9A2E00B98355 /* Sources */ = {
			isa = PBXSourcesBuildPhase;
			buildActionMask = 2147483647;
			files = (
				BFCAA775239D9AEB00B98355 /* Adder.swift in Sources */,
			);
			runOnlyForDeploymentPostprocessing = 0;
		};
		BFCAA75F239D9A2E00B98355 /* Sources */ = {
			isa = PBXSourcesBuildPhase;
			buildActionMask = 2147483647;
			files = (
				BFCAA779239D9B5100B98355 /* AdderTests.swift in Sources */,
			);
			runOnlyForDeploymentPostprocessing = 0;
		};
/* End PBXSourcesBuildPhase section */

/* Begin PBXTargetDependency section */
		BFCAA766239D9A2E00B98355 /* PBXTargetDependency */ = {
			isa = PBXTargetDependency;
			target = BFCAA759239D9A2E00B98355 /* UltimateAdder */;
			targetProxy = BFCAA765239D9A2E00B98355 /* PBXContainerItemProxy */;
		};
/* End PBXTargetDependency section */

/* Begin XCBuildConfiguration section */
		BFCAA76C239D9A2E00B98355 /* Debug */ = {
			isa = XCBuildConfiguration;
			buildSettings = {
				ALWAYS_SEARCH_USER_PATHS = NO;
				CLANG_ANALYZER_NONNULL = YES;
				CLANG_ANALYZER_NUMBER_OBJECT_CONVERSION = YES_AGGRESSIVE;
				CLANG_CXX_LANGUAGE_STANDARD = "gnu++14";
				CLANG_CXX_LIBRARY = "libc++";
				CLANG_ENABLE_MODULES = YES;
				CLANG_ENABLE_OBJC_ARC = YES;
				CLANG_ENABLE_OBJC_WEAK = YES;
				CLANG_WARN_BLOCK_CAPTURE_AUTORELEASING = YES;
				CLANG_WARN_BOOL_CONVERSION = YES;
				CLANG_WARN_COMMA = YES;
				CLANG_WARN_CONSTANT_CONVERSION = YES;
				CLANG_WARN_DEPRECATED_OBJC_IMPLEMENTATIONS = YES;
				CLANG_WARN_DIRECT_OBJC_ISA_USAGE = YES_ERROR;
				CLANG_WARN_DOCUMENTATION_COMMENTS = YES;
				CLANG_WARN_EMPTY_BODY = YES;
				CLANG_WARN_ENUM_CONVERSION = YES;
				CLANG_WARN_INFINITE_RECURSION = YES;
				CLANG_WARN_INT_CONVERSION = YES;
				CLANG_WARN_NON_LITERAL_NULL_CONVERSION = YES;
				CLANG_WARN_OBJC_IMPLICIT_RETAIN_SELF = YES;
				CLANG_WARN_OBJC_LITERAL_CONVERSION = YES;
				CLANG_WARN_OBJC_ROOT_CLASS = YES_ERROR;
				CLANG_WARN_RANGE_LOOP_ANALYSIS = YES;
				CLANG_WARN_STRICT_PROTOTYPES = YES;
				CLANG_WARN_SUSPICIOUS_MOVE = YES;
				CLANG_WARN_UNGUARDED_AVAILABILITY = YES_AGGRESSIVE;
				CLANG_WARN_UNREACHABLE_CODE = YES;
				CLANG_WARN__DUPLICATE_METHOD_MATCH = YES;
				COPY_PHASE_STRIP = NO;
				CURRENT_PROJECT_VERSION = 1;
				DEBUG_INFORMATION_FORMAT = dwarf;
				ENABLE_STRICT_OBJC_MSGSEND = YES;
				ENABLE_TESTABILITY = YES;
				GCC_C_LANGUAGE_STANDARD = gnu11;
				GCC_DYNAMIC_NO_PIC = NO;
				GCC_NO_COMMON_BLOCKS = YES;
				GCC_OPTIMIZATION_LEVEL = 0;
				GCC_PREPROCESSOR_DEFINITIONS = (
					"DEBUG=1",
					"$(inherited)",
				);
				GCC_WARN_64_TO_32_BIT_CONVERSION = YES;
				GCC_WARN_ABOUT_RETURN_TYPE = YES_ERROR;
				GCC_WARN_UNDECLARED_SELECTOR = YES;
				GCC_WARN_UNINITIALIZED_AUTOS = YES_AGGRESSIVE;
				GCC_WARN_UNUSED_FUNCTION = YES;
				GCC_WARN_UNUSED_VARIABLE = YES;
				IPHONEOS_DEPLOYMENT_TARGET = 12.0;
				MTL_ENABLE_DEBUG_INFO = INCLUDE_SOURCE;
				MTL_FAST_MATH = YES;
				ONLY_ACTIVE_ARCH = YES;
				SDKROOT = iphoneos;
				SWIFT_ACTIVE_COMPILATION_CONDITIONS = DEBUG;
				SWIFT_OPTIMIZATION_LEVEL = "-Onone";
				VERSIONING_SYSTEM = "apple-generic";
				VERSION_INFO_PREFIX = "";
			};
			name = Debug;
		};
		BFCAA76D239D9A2E00B98355 /* Release */ = {
			isa = XCBuildConfiguration;
			buildSettings = {
				ALWAYS_SEARCH_USER_PATHS = NO;
				CLANG_ANALYZER_NONNULL = YES;
				CLANG_ANALYZER_NUMBER_OBJECT_CONVERSION = YES_AGGRESSIVE;
				CLANG_CXX_LANGUAGE_STANDARD = "gnu++14";
				CLANG_CXX_LIBRARY = "libc++";
				CLANG_ENABLE_MODULES = YES;
				CLANG_ENABLE_OBJC_ARC = YES;
				CLANG_ENABLE_OBJC_WEAK = YES;
				CLANG_WARN_BLOCK_CAPTURE_AUTORELEASING = YES;
				CLANG_WARN_BOOL_CONVERSION = YES;
				CLANG_WARN_COMMA = YES;
				CLANG_WARN_CONSTANT_CONVERSION = YES;
				CLANG_WARN_DEPRECATED_OBJC_IMPLEMENTATIONS = YES;
				CLANG_WARN_DIRECT_OBJC_ISA_USAGE = YES_ERROR;
				CLANG_WARN_DOCUMENTATION_COMMENTS = YES;
				CLANG_WARN_EMPTY_BODY = YES;
				CLANG_WARN_ENUM_CONVERSION = YES;
				CLANG_WARN_INFINITE_RECURSION = YES;
				CLANG_WARN_INT_CONVERSION = YES;
				CLANG_WARN_NON_LITERAL_NULL_CONVERSION = YES;
				CLANG_WARN_OBJC_IMPLICIT_RETAIN_SELF = YES;
				CLANG_WARN_OBJC_LITERAL_CONVERSION = YES;
				CLANG_WARN_OBJC_ROOT_CLASS = YES_ERROR;
				CLANG_WARN_RANGE_LOOP_ANALYSIS = YES;
				CLANG_WARN_STRICT_PROTOTYPES = YES;
				CLANG_WARN_SUSPICIOUS_MOVE = YES;
				CLANG_WARN_UNGUARDED_AVAILABILITY = YES_AGGRESSIVE;
				CLANG_WARN_UNREACHABLE_CODE = YES;
				CLANG_WARN__DUPLICATE_METHOD_MATCH = YES;
				COPY_PHASE_STRIP = NO;
				CURRENT_PROJECT_VERSION = 1;
				DEBUG_INFORMATION_FORMAT = "dwarf-with-dsym";
				ENABLE_NS_ASSERTIONS = NO;
				ENABLE_STRICT_OBJC_MSGSEND = YES;
				GCC_C_LANGUAGE_STANDARD = gnu11;
				GCC_NO_COMMON_BLOCKS = YES;
				GCC_WARN_64_TO_32_BIT_CONVERSION = YES;
				GCC_WARN_ABOUT_RETURN_TYPE = YES_ERROR;
				GCC_WARN_UNDECLARED_SELECTOR = YES;
				GCC_WARN_UNINITIALIZED_AUTOS = YES_AGGRESSIVE;
				GCC_WARN_UNUSED_FUNCTION = YES;
				GCC_WARN_UNUSED_VARIABLE = YES;
				IPHONEOS_DEPLOYMENT_TARGET = 12.0;
				MTL_ENABLE_DEBUG_INFO = NO;
				MTL_FAST_MATH = YES;
				SDKROOT = iphoneos;
				SWIFT_COMPILATION_MODE = wholemodule;
				SWIFT_OPTIMIZATION_LEVEL = "-O";
				VALIDATE_PRODUCT = YES;
				VERSIONING_SYSTEM = "apple-generic";
				VERSION_INFO_PREFIX = "";
			};
			name = Release;
		};
		BFCAA76F239D9A2E00B98355 /* Debug */ = {
			isa = XCBuildConfiguration;
			buildSettings = {
				CLANG_ENABLE_MODULES = YES;
				CODE_SIGN_STYLE = Automatic;
				DEFINES_MODULE = YES;
				DEVELOPMENT_TEAM = C39PL3C95R;
				DYLIB_COMPATIBILITY_VERSION = 1;
				DYLIB_CURRENT_VERSION = 1;
				DYLIB_INSTALL_NAME_BASE = "@rpath";
				INFOPLIST_FILE = UltimateAdder/Info.plist;
				INSTALL_PATH = "$(LOCAL_LIBRARY_DIR)/Frameworks";
				LD_RUNPATH_SEARCH_PATHS = (
					"$(inherited)",
					"@executable_path/Frameworks",
					"@loader_path/Frameworks",
				);
				PRODUCT_BUNDLE_IDENTIFIER = de.reimartwelker.UltimateAdder;
				PRODUCT_NAME = "$(TARGET_NAME:c99extidentifier)";
				SKIP_INSTALL = YES;
				SWIFT_OPTIMIZATION_LEVEL = "-Onone";
				SWIFT_VERSION = 5.0;
				TARGETED_DEVICE_FAMILY = "1,2";
			};
			name = Debug;
		};
		BFCAA770239D9A2E00B98355 /* Release */ = {
			isa = XCBuildConfiguration;
			buildSettings = {
				CLANG_ENABLE_MODULES = YES;
				CODE_SIGN_STYLE = Automatic;
				DEFINES_MODULE = YES;
				DEVELOPMENT_TEAM = C39PL3C95R;
				DYLIB_COMPATIBILITY_VERSION = 1;
				DYLIB_CURRENT_VERSION = 1;
				DYLIB_INSTALL_NAME_BASE = "@rpath";
				INFOPLIST_FILE = UltimateAdder/Info.plist;
				INSTALL_PATH = "$(LOCAL_LIBRARY_DIR)/Frameworks";
				LD_RUNPATH_SEARCH_PATHS = (
					"$(inherited)",
					"@executable_path/Frameworks",
					"@loader_path/Frameworks",
				);
				PRODUCT_BUNDLE_IDENTIFIER = de.reimartwelker.UltimateAdder;
				PRODUCT_NAME = "$(TARGET_NAME:c99extidentifier)";
				SKIP_INSTALL = YES;
				SWIFT_VERSION = 5.0;
				TARGETED_DEVICE_FAMILY = "1,2";
			};
			name = Release;
		};
		BFCAA772239D9A2E00B98355 /* Debug */ = {
			isa = XCBuildConfiguration;
			buildSettings = {
				ALWAYS_EMBED_SWIFT_STANDARD_LIBRARIES = YES;
				CODE_SIGN_STYLE = Automatic;
				DEVELOPMENT_TEAM = C39PL3C95R;
				INFOPLIST_FILE = UltimateAdderTests/Info.plist;
				LD_RUNPATH_SEARCH_PATHS = (
					"$(inherited)",
					"@executable_path/Frameworks",
					"@loader_path/Frameworks",
				);
				PRODUCT_BUNDLE_IDENTIFIER = de.reimartwelker.UltimateAdderTests;
				PRODUCT_NAME = "$(TARGET_NAME)";
				SWIFT_VERSION = 5.0;
				TARGETED_DEVICE_FAMILY = "1,2";
			};
			name = Debug;
		};
		BFCAA773239D9A2E00B98355 /* Release */ = {
			isa = XCBuildConfiguration;
			buildSettings = {
				ALWAYS_EMBED_SWIFT_STANDARD_LIBRARIES = YES;
				CODE_SIGN_STYLE = Automatic;
				DEVELOPMENT_TEAM = C39PL3C95R;
				INFOPLIST_FILE = UltimateAdderTests/Info.plist;
				LD_RUNPATH_SEARCH_PATHS = (
					"$(inherited)",
					"@executable_path/Frameworks",
					"@loader_path/Frameworks",
				);
				PRODUCT_BUNDLE_IDENTIFIER = de.reimartwelker.UltimateAdderTests;
				PRODUCT_NAME = "$(TARGET_NAME)";
				SWIFT_VERSION = 5.0;
				TARGETED_DEVICE_FAMILY = "1,2";
			};
			name = Release;
		};
/* End XCBuildConfiguration section */

/* Begin XCConfigurationList section */
		BFCAA754239D9A2E00B98355 /* Build configuration list for PBXProject "UltimateAdder" */ = {
			isa = XCConfigurationList;
			buildConfigurations = (
				BFCAA76C239D9A2E00B98355 /* Debug */,
				BFCAA76D239D9A2E00B98355 /* Release */,
			);
			defaultConfigurationIsVisible = 0;
			defaultConfigurationName = Release;
		};
		BFCAA76E239D9A2E00B98355 /* Build configuration list for PBXNativeTarget "UltimateAdder" */ = {
			isa = XCConfigurationList;
			buildConfigurations = (
				BFCAA76F239D9A2E00B98355 /* Debug */,
				BFCAA770239D9A2E00B98355 /* Release */,
			);
			defaultConfigurationIsVisible = 0;
			defaultConfigurationName = Release;
		};
		BFCAA771239D9A2E00B98355 /* Build configuration list for PBXNativeTarget "UltimateAdderTests" */ = {
			isa = XCConfigurationList;
			buildConfigurations = (
				BFCAA772239D9A2E00B98355 /* Debug */,
				BFCAA773239D9A2E00B98355 /* Release */,
			);
			defaultConfigurationIsVisible = 0;
			defaultConfigurationName = Release;
		};
/* End XCConfigurationList section */
	};
	rootObject = BFCAA751239D9A2E00B98355 /* Project object */;
}
